{
  "name": "taro",
  "version": "1.0.0",
  "lockfileVersion": 1,
  "requires": true,
  "dependencies": {
    "@tarojs/redux": {
      "version": "2.0.0-beta.13",
      "resolved": "https://registry.npm.taobao.org/@tarojs/redux/download/@tarojs/redux-2.0.0-beta.13.tgz",
      "integrity": "sha1-dYyJEzTd/QTVSoLEffF32mGBFzs=",
      "requires": {
        "@tarojs/taro": "2.0.0-beta.13",
        "@tarojs/utils": "2.0.0-beta.13"
      },
      "dependencies": {
        "@tarojs/taro": {
          "version": "2.0.0-beta.13",
          "resolved": "https://registry.npm.taobao.org/@tarojs/taro/download/@tarojs/taro-2.0.0-beta.13.tgz",
          "integrity": "sha1-ZTe0JjonZB+lHo+YZz+epIkZrwE=",
          "requires": {
            "@tarojs/utils": "2.0.0-beta.13"
          }
        }
      }
    },
    "@tarojs/utils": {
      "version": "2.0.0-beta.13",
      "resolved": "https://registry.npm.taobao.org/@tarojs/utils/download/@tarojs/utils-2.0.0-beta.13.tgz",
      "integrity": "sha1-o7m0o2q3GsTio/3dlvT7AGhi6mI="
    }
  }
}
